// !$*UTF8*$!
{
	archiveVersion = 1;
	classes = {
	};
	objectVersion = 56;
	objects = {

/* Begin PBXBuildFile section */
		5020DF962A4D37BD00ED80B8 /* AppDelegate.swift in Sources */ = {isa = PBXBuildFile; fileRef = 5020DF952A4D37BD00ED80B8 /* AppDelegate.swift */; };
		5020DF982A4D37BD00ED80B8 /* SceneDelegate.swift in Sources */ = {isa = PBXBuildFile; fileRef = 5020DF972A4D37BD00ED80B8 /* SceneDelegate.swift */; };
		5020DF9A2A4D37BD00ED80B8 /* ViewController.swift in Sources */ = {isa = PBXBuildFile; fileRef = 5020DF992A4D37BD00ED80B8 /* ViewController.swift */; };
		5020DF9D2A4D37BD00ED80B8 /* Main.storyboard in Resources */ = {isa = PBXBuildFile; fileRef = 5020DF9B2A4D37BD00ED80B8 /* Main.storyboard */; };
		5020DF9F2A4D37BE00ED80B8 /* Assets.xcassets in Resources */ = {isa = PBXBuildFile; fileRef = 5020DF9E2A4D37BE00ED80B8 /* Assets.xcassets */; };
		5020DFA22A4D37BE00ED80B8 /* LaunchScreen.storyboard in Resources */ = {isa = PBXBuildFile; fileRef = 5020DFA02A4D37BE00ED80B8 /* LaunchScreen.storyboard */; };
		5020DFAD2A4D37BF00ED80B8 /* PlaceHolderColorChangeTests.swift in Sources */ = {isa = PBXBuildFile; fileRef = 5020DFAC2A4D37BF00ED80B8 /* PlaceHolderColorChangeTests.swift */; };
		5020DFB72A4D37BF00ED80B8 /* PlaceHolderColorChangeUITests.swift in Sources */ = {isa = PBXBuildFile; fileRef = 5020DFB62A4D37BF00ED80B8 /* PlaceHolderColorChangeUITests.swift */; };
		5020DFB92A4D37BF00ED80B8 /* PlaceHolderColorChangeUITestsLaunchTests.swift in Sources */ = {isa = PBXBuildFile; fileRef = 5020DFB82A4D37BF00ED80B8 /* PlaceHolderColorChangeUITestsLaunchTests.swift */; };
/* End PBXBuildFile section */

/* Begin PBXContainerItemProxy section */
		5020DFA92A4D37BF00ED80B8 /* PBXContainerItemProxy */ = {
			isa = PBXContainerItemProxy;
			containerPortal = 5020DF8A2A4D37BD00ED80B8 /* Project object */;
			proxyType = 1;
			remoteGlobalIDString = 5020DF912A4D37BD00ED80B8;
			remoteInfo = PlaceHolderColorChange;
		};
		5020DFB32A4D37BF00ED80B8 /* PBXContainerItemProxy */ = {
			isa = PBXContainerItemProxy;
			containerPortal = 5020DF8A2A4D37BD00ED80B8 /* Project object */;
			proxyType = 1;
			remoteGlobalIDString = 5020DF912A4D37BD00ED80B8;
			remoteInfo = PlaceHolderColorChange;
		};
/* End PBXContainerItemProxy section */

/* Begin PBXFileReference section */
		5020DF922A4D37BD00ED80B8 /* PlaceHolderColorChange.app */ = {isa = PBXFileReference; explicitFileType = wrapper.application; includeInIndex = 0; path = PlaceHolderColorChange.app; sourceTree = BUILT_PRODUCTS_DIR; };
		5020DF952A4D37BD00ED80B8 /* AppDelegate.swift */ = {isa = PBXFileReference; lastKnownFileType = sourcecode.swift; path = AppDelegate.swift; sourceTree = "<group>"; };
		5020DF972A4D37BD00ED80B8 /* SceneDelegate.swift */ = {isa = PBXFileReference; lastKnownFileType = sourcecode.swift; path = SceneDelegate.swift; sourceTree = "<group>"; };
		5020DF992A4D37BD00ED80B8 /* ViewController.swift */ = {isa = PBXFileReference; lastKnownFileType = sourcecode.swift; path = ViewController.swift; sourceTree = "<group>"; };
		5020DF9C2A4D37BD00ED80B8 /* Base */ = {isa = PBXFileReference; lastKnownFileType = file.storyboard; name = Base; path = Base.lproj/Main.storyboard; sourceTree = "<group>"; };
		5020DF9E2A4D37BE00ED80B8 /* Assets.xcassets */ = {isa = PBXFileReference; lastKnownFileType = folder.assetcatalog; path = Assets.xcassets; sourceTree = "<group>"; };
		5020DFA12A4D37BE00ED80B8 /* Base */ = {isa = PBXFileReference; lastKnownFileType = file.storyboard; name = Base; path = Base.lproj/LaunchScreen.storyboard; sourceTree = "<group>"; };
		5020DFA32A4D37BE00ED80B8 /* Info.plist */ = {isa = PBXFileReference; lastKnownFileType = text.plist.xml; path = Info.plist; sourceTree = "<group>"; };
		5020DFA82A4D37BF00ED80B8 /* PlaceHolderColorChangeTests.xctest */ = {isa = PBXFileReference; explicitFileType = wrapper.cfbundle; includeInIndex = 0; path = PlaceHolderColorChangeTests.xctest; sourceTree = BUILT_PRODUCTS_DIR; };
		5020DFAC2A4D37BF00ED80B8 /* PlaceHolderColorChangeTests.swift */ = {isa = PBXFileReference; lastKnownFileType = sourcecode.swift; path = PlaceHolderColorChangeTests.swift; sourceTree = "<group>"; };
		5020DFB22A4D37BF00ED80B8 /* PlaceHolderColorChangeUITests.xctest */ = {isa = PBXFileReference; explicitFileType = wrapper.cfbundle; includeInIndex = 0; path = PlaceHolderColorChangeUITests.xctest; sourceTree = BUILT_PRODUCTS_DIR; };
		5020DFB62A4D37BF00ED80B8 /* PlaceHolderColorChangeUITests.swift */ = {isa = PBXFileReference; lastKnownFileType = sourcecode.swift; path = PlaceHolderColorChangeUITests.swift; sourceTree = "<group>"; };
		5020DFB82A4D37BF00ED80B8 /* PlaceHolderColorChangeUITestsLaunchTests.swift */ = {isa = PBXFileReference; lastKnownFileType = sourcecode.swift; path = PlaceHolderColorChangeUITestsLaunchTests.swift; sourceTree = "<group>"; };
/* End PBXFileReference section */

/* Begin PBXFrameworksBuildPhase section */
		5020DF8F2A4D37BD00ED80B8 /* Frameworks */ = {
			isa = PBXFrameworksBuildPhase;
			buildActionMask = 2147483647;
			files = (
			);
			runOnlyForDeploymentPostprocessing = 0;
		};
		5020DFA52A4D37BF00ED80B8 /* Frameworks */ = {
			isa = PBXFrameworksBuildPhase;
			buildActionMask = 2147483647;
			files = (
			);
			runOnlyForDeploymentPostprocessing = 0;
		};
		5020DFAF2A4D37BF00ED80B8 /* Frameworks */ = {
			isa = PBXFrameworksBuildPhase;
			buildActionMask = 2147483647;
			files = (
			);
			runOnlyForDeploymentPostprocessing = 0;
		};
/* End PBXFrameworksBuildPhase section */

/* Begin PBXGroup section */
		5020DF892A4D37BD00ED80B8 = {
			isa = PBXGroup;
			children = (
				5020DF942A4D37BD00ED80B8 /* PlaceHolderColorChange */,
				5020DFAB2A4D37BF00ED80B8 /* PlaceHolderColorChangeTests */,
				5020DFB52A4D37BF00ED80B8 /* PlaceHolderColorChangeUITests */,
				5020DF932A4D37BD00ED80B8 /* Products */,
			);
			sourceTree = "<group>";
		};
		5020DF932A4D37BD00ED80B8 /* Products */ = {
			isa = PBXGroup;
			children = (
				5020DF922A4D37BD00ED80B8 /* PlaceHolderColorChange.app */,
				5020DFA82A4D37BF00ED80B8 /* PlaceHolderColorChangeTests.xctest */,
				5020DFB22A4D37BF00ED80B8 /* PlaceHolderColorChangeUITests.xctest */,
			);
			name = Products;
			sourceTree = "<group>";
		};
		5020DF942A4D37BD00ED80B8 /* PlaceHolderColorChange */ = {
			isa = PBXGroup;
			children = (
				5020DF952A4D37BD00ED80B8 /* AppDelegate.swift */,
				5020DF972A4D37BD00ED80B8 /* SceneDelegate.swift */,
				5020DF992A4D37BD00ED80B8 /* ViewController.swift */,
				5020DF9B2A4D37BD00ED80B8 /* Main.storyboard */,
				5020DF9E2A4D37BE00ED80B8 /* Assets.xcassets */,
				5020DFA02A4D37BE00ED80B8 /* LaunchScreen.storyboard */,
				5020DFA32A4D37BE00ED80B8 /* Info.plist */,
			);
			path = PlaceHolderColorChange;
			sourceTree = "<group>";
		};
		5020DFAB2A4D37BF00ED80B8 /* PlaceHolderColorChangeTests */ = {
			isa = PBXGroup;
			children = (
				5020DFAC2A4D37BF00ED80B8 /* PlaceHolderColorChangeTests.swift */,
			);
			path = PlaceHolderColorChangeTests;
			sourceTree = "<group>";
		};
		5020DFB52A4D37BF00ED80B8 /* PlaceHolderColorChangeUITests */ = {
			isa = PBXGroup;
			children = (
				5020DFB62A4D37BF00ED80B8 /* PlaceHolderColorChangeUITests.swift */,
				5020DFB82A4D37BF00ED80B8 /* PlaceHolderColorChangeUITestsLaunchTests.swift */,
			);
			path = PlaceHolderColorChangeUITests;
			sourceTree = "<group>";
		};
/* End PBXGroup section */

/* Begin PBXNativeTarget section */
		5020DF912A4D37BD00ED80B8 /* PlaceHolderColorChange */ = {
			isa = PBXNativeTarget;
			buildConfigurationList = 5020DFBC2A4D37BF00ED80B8 /* Build configuration list for PBXNativeTarget "PlaceHolderColorChange" */;
			buildPhases = (
				5020DF8E2A4D37BD00ED80B8 /* Sources */,
				5020DF8F2A4D37BD00ED80B8 /* Frameworks */,
				5020DF902A4D37BD00ED80B8 /* Resources */,
			);
			buildRules = (
			);
			dependencies = (
			);
			name = PlaceHolderColorChange;
			productName = PlaceHolderColorChange;
			productReference = 5020DF922A4D37BD00ED80B8 /* PlaceHolderColorChange.app */;
			productType = "com.apple.product-type.application";
		};
		5020DFA72A4D37BF00ED80B8 /* PlaceHolderColorChangeTests */ = {
			isa = PBXNativeTarget;
			buildConfigurationList = 5020DFBF2A4D37BF00ED80B8 /* Build configuration list for PBXNativeTarget "PlaceHolderColorChangeTests" */;
			buildPhases = (
				5020DFA42A4D37BF00ED80B8 /* Sources */,
				5020DFA52A4D37BF00ED80B8 /* Frameworks */,
				5020DFA62A4D37BF00ED80B8 /* Resources */,
			);
			buildRules = (
			);
			dependencies = (
				5020DFAA2A4D37BF00ED80B8 /* PBXTargetDependency */,
			);
			name = PlaceHolderColorChangeTests;
			productName = PlaceHolderColorChangeTests;
			productReference = 5020DFA82A4D37BF00ED80B8 /* PlaceHolderColorChangeTests.xctest */;
			productType = "com.apple.product-type.bundle.unit-test";
		};
		5020DFB12A4D37BF00ED80B8 /* PlaceHolderColorChangeUITests */ = {
			isa = PBXNativeTarget;
			buildConfigurationList = 5020DFC22A4D37BF00ED80B8 /* Build configuration list for PBXNativeTarget "PlaceHolderColorChangeUITests" */;
			buildPhases = (
				5020DFAE2A4D37BF00ED80B8 /* Sources */,
				5020DFAF2A4D37BF00ED80B8 /* Frameworks */,
				5020DFB02A4D37BF00ED80B8 /* Resources */,
			);
			buildRules = (
			);
			dependencies = (
				5020DFB42A4D37BF00ED80B8 /* PBXTargetDependency */,
			);
			name = PlaceHolderColorChangeUITests;
			productName = PlaceHolderColorChangeUITests;
			productReference = 5020DFB22A4D37BF00ED80B8 /* PlaceHolderColorChangeUITests.xctest */;
			productType = "com.apple.product-type.bundle.ui-testing";
		};
/* End PBXNativeTarget section */

/* Begin PBXProject section */
		5020DF8A2A4D37BD00ED80B8 /* Project object */ = {
			isa = PBXProject;
			attributes = {
				BuildIndependentTargetsInParallel = 1;
				LastSwiftUpdateCheck = 1430;
				LastUpgradeCheck = 1430;
				TargetAttributes = {
					5020DF912A4D37BD00ED80B8 = {
						CreatedOnToolsVersion = 14.3;
					};
					5020DFA72A4D37BF00ED80B8 = {
						CreatedOnToolsVersion = 14.3;
						TestTargetID = 5020DF912A4D37BD00ED80B8;
					};
					5020DFB12A4D37BF00ED80B8 = {
						CreatedOnToolsVersion = 14.3;
						TestTargetID = 5020DF912A4D37BD00ED80B8;
					};
				};
			};
			buildConfigurationList = 5020DF8D2A4D37BD00ED80B8 /* Build configuration list for PBXProject "PlaceHolderColorChange" */;
			compatibilityVersion = "Xcode 14.0";
			developmentRegion = en;
			hasScannedForEncodings = 0;
			knownRegions = (
				en,
				Base,
			);
			mainGroup = 5020DF892A4D37BD00ED80B8;
			productRefGroup = 5020DF932A4D37BD00ED80B8 /* Products */;
			projectDirPath = "";
			projectRoot = "";
			targets = (
				5020DF912A4D37BD00ED80B8 /* PlaceHolderColorChange */,
				5020DFA72A4D37BF00ED80B8 /* PlaceHolderColorChangeTests */,
				5020DFB12A4D37BF00ED80B8 /* PlaceHolderColorChangeUITests */,
			);
		};
/* End PBXProject section */

/* Begin PBXResourcesBuildPhase section */
		5020DF902A4D37BD00ED80B8 /* Resources */ = {
			isa = PBXResourcesBuildPhase;
			buildActionMask = 2147483647;
			files = (
				5020DFA22A4D37BE00ED80B8 /* LaunchScreen.storyboard in Resources */,
				5020DF9F2A4D37BE00ED80B8 /* Assets.xcassets in Resources */,
				5020DF9D2A4D37BD00ED80B8 /* Main.storyboard in Resources */,
			);
			runOnlyForDeploymentPostprocessing = 0;
		};
		5020DFA62A4D37BF00ED80B8 /* Resources */ = {
			isa = PBXResourcesBuildPhase;
			buildActionMask = 2147483647;
			files = (
			);
			runOnlyForDeploymentPostprocessing = 0;
		};
		5020DFB02A4D37BF00ED80B8 /* Resources */ = {
			isa = PBXResourcesBuildPhase;
			buildActionMask = 2147483647;
			files = (
			);
			runOnlyForDeploymentPostprocessing = 0;
		};
/* End PBXResourcesBuildPhase section */

/* Begin PBXSourcesBuildPhase section */
		5020DF8E2A4D37BD00ED80B8 /* Sources */ = {
			isa = PBXSourcesBuildPhase;
			buildActionMask = 2147483647;
			files = (
				5020DF9A2A4D37BD00ED80B8 /* ViewController.swift in Sources */,
				5020DF962A4D37BD00ED80B8 /* AppDelegate.swift in Sources */,
				5020DF982A4D37BD00ED80B8 /* SceneDelegate.swift in Sources */,
			);
			runOnlyForDeploymentPostprocessing = 0;
		};
		5020DFA42A4D37BF00ED80B8 /* Sources */ = {
			isa = PBXSourcesBuildPhase;
			buildActionMask = 2147483647;
			files = (
				5020DFAD2A4D37BF00ED80B8 /* PlaceHolderColorChangeTests.swift in Sources */,
			);
			runOnlyForDeploymentPostprocessing = 0;
		};
		5020DFAE2A4D37BF00ED80B8 /* Sources */ = {
			isa = PBXSourcesBuildPhase;
			buildActionMask = 2147483647;
			files = (
				5020DFB92A4D37BF00ED80B8 /* PlaceHolderColorChangeUITestsLaunchTests.swift in Sources */,
				5020DFB72A4D37BF00ED80B8 /* PlaceHolderColorChangeUITests.swift in Sources */,
			);
			runOnlyForDeploymentPostprocessing = 0;
		};
/* End PBXSourcesBuildPhase section */

/* Begin PBXTargetDependency section */
		5020DFAA2A4D37BF00ED80B8 /* PBXTargetDependency */ = {
			isa = PBXTargetDependency;
			target = 5020DF912A4D37BD00ED80B8 /* PlaceHolderColorChange */;
			targetProxy = 5020DFA92A4D37BF00ED80B8 /* PBXContainerItemProxy */;
		};
		5020DFB42A4D37BF00ED80B8 /* PBXTargetDependency */ = {
			isa = PBXTargetDependency;
			target = 5020DF912A4D37BD00ED80B8 /* PlaceHolderColorChange */;
			targetProxy = 5020DFB32A4D37BF00ED80B8 /* PBXContainerItemProxy */;
		};
/* End PBXTargetDependency section */

/* Begin PBXVariantGroup section */
		5020DF9B2A4D37BD00ED80B8 /* Main.storyboard */ = {
			isa = PBXVariantGroup;
			children = (
				5020DF9C2A4D37BD00ED80B8 /* Base */,
			);
			name = Main.storyboard;
			sourceTree = "<group>";
		};
		5020DFA02A4D37BE00ED80B8 /* LaunchScreen.storyboard */ = {
			isa = PBXVariantGroup;
			children = (
				5020DFA12A4D37BE00ED80B8 /* Base */,
			);
			name = LaunchScreen.storyboard;
			sourceTree = "<group>";
		};
/* End PBXVariantGroup section */

/* Begin XCBuildConfiguration section */
		5020DFBA2A4D37BF00ED80B8 /* Debug */ = {
			isa = XCBuildConfiguration;
			buildSettings = {
				ALWAYS_SEARCH_USER_PATHS = NO;
				CLANG_ANALYZER_NONNULL = YES;
				CLANG_ANALYZER_NUMBER_OBJECT_CONVERSION = YES_AGGRESSIVE;
				CLANG_CXX_LANGUAGE_STANDARD = "gnu++20";
				CLANG_ENABLE_MODULES = YES;
				CLANG_ENABLE_OBJC_ARC = YES;
				CLANG_ENABLE_OBJC_WEAK = YES;
				CLANG_WARN_BLOCK_CAPTURE_AUTORELEASING = YES;
				CLANG_WARN_BOOL_CONVERSION = YES;
				CLANG_WARN_COMMA = YES;
				CLANG_WARN_CONSTANT_CONVERSION = YES;
				CLANG_WARN_DEPRECATED_OBJC_IMPLEMENTATIONS = YES;
				CLANG_WARN_DIRECT_OBJC_ISA_USAGE = YES_ERROR;
				CLANG_WARN_DOCUMENTATION_COMMENTS = YES;
				CLANG_WARN_EMPTY_BODY = YES;
				CLANG_WARN_ENUM_CONVERSION = YES;
				CLANG_WARN_INFINITE_RECURSION = YES;
				CLANG_WARN_INT_CONVERSION = YES;
				CLANG_WARN_NON_LITERAL_NULL_CONVERSION = YES;
				CLANG_WARN_OBJC_IMPLICIT_RETAIN_SELF = YES;
				CLANG_WARN_OBJC_LITERAL_CONVERSION = YES;
				CLANG_WARN_OBJC_ROOT_CLASS = YES_ERROR;
				CLANG_WARN_QUOTED_INCLUDE_IN_FRAMEWORK_HEADER = YES;
				CLANG_WARN_RANGE_LOOP_ANALYSIS = YES;
				CLANG_WARN_STRICT_PROTOTYPES = YES;
				CLANG_WARN_SUSPICIOUS_MOVE = YES;
				CLANG_WARN_UNGUARDED_AVAILABILITY = YES_AGGRESSIVE;
				CLANG_WARN_UNREACHABLE_CODE = YES;
				CLANG_WARN__DUPLICATE_METHOD_MATCH = YES;
				COPY_PHASE_STRIP = NO;
				DEBUG_INFORMATION_FORMAT = dwarf;
				ENABLE_STRICT_OBJC_MSGSEND = YES;
				ENABLE_TESTABILITY = YES;
				GCC_C_LANGUAGE_STANDARD = gnu11;
				GCC_DYNAMIC_NO_PIC = NO;
				GCC_NO_COMMON_BLOCKS = YES;
				GCC_OPTIMIZATION_LEVEL = 0;
				GCC_PREPROCESSOR_DEFINITIONS = (
					"DEBUG=1",
					"$(inherited)",
				);
				GCC_WARN_64_TO_32_BIT_CONVERSION = YES;
				GCC_WARN_ABOUT_RETURN_TYPE = YES_ERROR;
				GCC_WARN_UNDECLARED_SELECTOR = YES;
				GCC_WARN_UNINITIALIZED_AUTOS = YES_AGGRESSIVE;
				GCC_WARN_UNUSED_FUNCTION = YES;
				GCC_WARN_UNUSED_VARIABLE = YES;
				IPHONEOS_DEPLOYMENT_TARGET = 16.4;
				MTL_ENABLE_DEBUG_INFO = INCLUDE_SOURCE;
				MTL_FAST_MATH = YES;
				ONLY_ACTIVE_ARCH = YES;
				SDKROOT = iphoneos;
				SWIFT_ACTIVE_COMPILATION_CONDITIONS = DEBUG;
				SWIFT_OPTIMIZATION_LEVEL = "-Onone";
			};
			name = Debug;
		};
		5020DFBB2A4D37BF00ED80B8 /* Release */ = {
			isa = XCBuildConfiguration;
			buildSettings = {
				ALWAYS_SEARCH_USER_PATHS = NO;
				CLANG_ANALYZER_NONNULL = YES;
				CLANG_ANALYZER_NUMBER_OBJECT_CONVERSION = YES_AGGRESSIVE;
				CLANG_CXX_LANGUAGE_STANDARD = "gnu++20";
				CLANG_ENABLE_MODULES = YES;
				CLANG_ENABLE_OBJC_ARC = YES;
				CLANG_ENABLE_OBJC_WEAK = YES;
				CLANG_WARN_BLOCK_CAPTURE_AUTORELEASING = YES;
				CLANG_WARN_BOOL_CONVERSION = YES;
				CLANG_WARN_COMMA = YES;
				CLANG_WARN_CONSTANT_CONVERSION = YES;
				CLANG_WARN_DEPRECATED_OBJC_IMPLEMENTATIONS = YES;
				CLANG_WARN_DIRECT_OBJC_ISA_USAGE = YES_ERROR;
				CLANG_WARN_DOCUMENTATION_COMMENTS = YES;
				CLANG_WARN_EMPTY_BODY = YES;
				CLANG_WARN_ENUM_CONVERSION = YES;
				CLANG_WARN_INFINITE_RECURSION = YES;
				CLANG_WARN_INT_CONVERSION = YES;
				CLANG_WARN_NON_LITERAL_NULL_CONVERSION = YES;
				CLANG_WARN_OBJC_IMPLICIT_RETAIN_SELF = YES;
				CLANG_WARN_OBJC_LITERAL_CONVERSION = YES;
				CLANG_WARN_OBJC_ROOT_CLASS = YES_ERROR;
				CLANG_WARN_QUOTED_INCLUDE_IN_FRAMEWORK_HEADER = YES;
				CLANG_WARN_RANGE_LOOP_ANALYSIS = YES;
				CLANG_WARN_STRICT_PROTOTYPES = YES;
				CLANG_WARN_SUSPICIOUS_MOVE = YES;
				CLANG_WARN_UNGUARDED_AVAILABILITY = YES_AGGRESSIVE;
				CLANG_WARN_UNREACHABLE_CODE = YES;
				CLANG_WARN__DUPLICATE_METHOD_MATCH = YES;
				COPY_PHASE_STRIP = NO;
				DEBUG_INFORMATION_FORMAT = "dwarf-with-dsym";
				ENABLE_NS_ASSERTIONS = NO;
				ENABLE_STRICT_OBJC_MSGSEND = YES;
				GCC_C_LANGUAGE_STANDARD = gnu11;
				GCC_NO_COMMON_BLOCKS = YES;
				GCC_WARN_64_TO_32_BIT_CONVERSION = YES;
				GCC_WARN_ABOUT_RETURN_TYPE = YES_ERROR;
				GCC_WARN_UNDECLARED_SELECTOR = YES;
				GCC_WARN_UNINITIALIZED_AUTOS = YES_AGGRESSIVE;
				GCC_WARN_UNUSED_FUNCTION = YES;
				GCC_WARN_UNUSED_VARIABLE = YES;
				IPHONEOS_DEPLOYMENT_TARGET = 16.4;
				MTL_ENABLE_DEBUG_INFO = NO;
				MTL_FAST_MATH = YES;
				SDKROOT = iphoneos;
				SWIFT_COMPILATION_MODE = wholemodule;
				SWIFT_OPTIMIZATION_LEVEL = "-O";
				VALIDATE_PRODUCT = YES;
			};
			name = Release;
		};
		5020DFBD2A4D37BF00ED80B8 /* Debug */ = {
			isa = XCBuildConfiguration;
			buildSettings = {
				ASSETCATALOG_COMPILER_APPICON_NAME = AppIcon;
				ASSETCATALOG_COMPILER_GLOBAL_ACCENT_COLOR_NAME = AccentColor;
				CODE_SIGN_STYLE = Automatic;
				CURRENT_PROJECT_VERSION = 1;
				GENERATE_INFOPLIST_FILE = YES;
				INFOPLIST_FILE = PlaceHolderColorChange/Info.plist;
				INFOPLIST_KEY_UIApplicationSupportsIndirectInputEvents = YES;
				INFOPLIST_KEY_UILaunchStoryboardName = LaunchScreen;
				INFOPLIST_KEY_UIMainStoryboardFile = Main;
				INFOPLIST_KEY_UISupportedInterfaceOrientations_iPad = "UIInterfaceOrientationPortrait UIInterfaceOrientationPortraitUpsideDown UIInterfaceOrientationLandscapeLeft UIInterfaceOrientationLandscapeRight";
				INFOPLIST_KEY_UISupportedInterfaceOrientations_iPhone = "UIInterfaceOrientationPortrait UIInterfaceOrientationLandscapeLeft UIInterfaceOrientationLandscapeRight";
				LD_RUNPATH_SEARCH_PATHS = (
					"$(inherited)",
					"@executable_path/Frameworks",
				);
				MARKETING_VERSION = 1.0;
				PRODUCT_BUNDLE_IDENTIFIER = com.kaushik.pvl.ltd.PlaceHolderColorChange;
				PRODUCT_NAME = "$(TARGET_NAME)";
				SWIFT_EMIT_LOC_STRINGS = YES;
				SWIFT_VERSION = 5.0;
				TARGETED_DEVICE_FAMILY = "1,2";
			};
			name = Debug;
		};
		5020DFBE2A4D37BF00ED80B8 /* Release */ = {
			isa = XCBuildConfiguration;
			buildSettings = {
				ASSETCATALOG_COMPILER_APPICON_NAME = AppIcon;
				ASSETCATALOG_COMPILER_GLOBAL_ACCENT_COLOR_NAME = AccentColor;
				CODE_SIGN_STYLE = Automatic;
				CURRENT_PROJECT_VERSION = 1;
				GENERATE_INFOPLIST_FILE = YES;
				INFOPLIST_FILE = PlaceHolderColorChange/Info.plist;
				INFOPLIST_KEY_UIApplicationSupportsIndirectInputEvents = YES;
				INFOPLIST_KEY_UILaunchStoryboardName = LaunchScreen;
				INFOPLIST_KEY_UIMainStoryboardFile = Main;
				INFOPLIST_KEY_UISupportedInterfaceOrientations_iPad = "UIInterfaceOrientationPortrait UIInterfaceOrientationPortraitUpsideDown UIInterfaceOrientationLandscapeLeft UIInterfaceOrientationLandscapeRight";
				INFOPLIST_KEY_UISupportedInterfaceOrientations_iPhone = "UIInterfaceOrientationPortrait UIInterfaceOrientationLandscapeLeft UIInterfaceOrientationLandscapeRight";
				LD_RUNPATH_SEARCH_PATHS = (
					"$(inherited)",
					"@executable_path/Frameworks",
				);
				MARKETING_VERSION = 1.0;
				PRODUCT_BUNDLE_IDENTIFIER = com.kaushik.pvl.ltd.PlaceHolderColorChange;
				PRODUCT_NAME = "$(TARGET_NAME)";
				SWIFT_EMIT_LOC_STRINGS = YES;
				SWIFT_VERSION = 5.0;
				TARGETED_DEVICE_FAMILY = "1,2";
			};
			name = Release;
		};
		5020DFC02A4D37BF00ED80B8 /* Debug */ = {
			isa = XCBuildConfiguration;
			buildSettings = {
				ALWAYS_EMBED_SWIFT_STANDARD_LIBRARIES = YES;
				BUNDLE_LOADER = "$(TEST_HOST)";
				CODE_SIGN_STYLE = Automatic;
				CURRENT_PROJECT_VERSION = 1;
				GENERATE_INFOPLIST_FILE = YES;
				IPHONEOS_DEPLOYMENT_TARGET = 16.4;
				MARKETING_VERSION = 1.0;
				PRODUCT_BUNDLE_IDENTIFIER = com.kaushik.pvl.ltd.PlaceHolderColorChangeTests;
				PRODUCT_NAME = "$(TARGET_NAME)";
				SWIFT_EMIT_LOC_STRINGS = NO;
				SWIFT_VERSION = 5.0;
				TARGETED_DEVICE_FAMILY = "1,2";
				TEST_HOST = "$(BUILT_PRODUCTS_DIR)/PlaceHolderColorChange.app/$(BUNDLE_EXECUTABLE_FOLDER_PATH)/PlaceHolderColorChange";
			};
			name = Debug;
		};
		5020DFC12A4D37BF00ED80B8 /* Release */ = {
			isa = XCBuildConfiguration;
			buildSettings = {
				ALWAYS_EMBED_SWIFT_STANDARD_LIBRARIES = YES;
				BUNDLE_LOADER = "$(TEST_HOST)";
				CODE_SIGN_STYLE = Automatic;
				CURRENT_PROJECT_VERSION = 1;
				GENERATE_INFOPLIST_FILE = YES;
				IPHONEOS_DEPLOYMENT_TARGET = 16.4;
				MARKETING_VERSION = 1.0;
				PRODUCT_BUNDLE_IDENTIFIER = com.kaushik.pvl.ltd.PlaceHolderColorChangeTests;
				PRODUCT_NAME = "$(TARGET_NAME)";
				SWIFT_EMIT_LOC_STRINGS = NO;
				SWIFT_VERSION = 5.0;
				TARGETED_DEVICE_FAMILY = "1,2";
				TEST_HOST = "$(BUILT_PRODUCTS_DIR)/PlaceHolderColorChange.app/$(BUNDLE_EXECUTABLE_FOLDER_PATH)/PlaceHolderColorChange";
			};
			name = Release;
		};
		5020DFC32A4D37BF00ED80B8 /* Debug */ = {
			isa = XCBuildConfiguration;
			buildSettings = {
				ALWAYS_EMBED_SWIFT_STANDARD_LIBRARIES = YES;
				CODE_SIGN_STYLE = Automatic;
				CURRENT_PROJECT_VERSION = 1;
				GENERATE_INFOPLIST_FILE = YES;
				MARKETING_VERSION = 1.0;
				PRODUCT_BUNDLE_IDENTIFIER = com.kaushik.pvl.ltd.PlaceHolderColorChangeUITests;
				PRODUCT_NAME = "$(TARGET_NAME)";
				SWIFT_EMIT_LOC_STRINGS = NO;
				SWIFT_VERSION = 5.0;
				TARGETED_DEVICE_FAMILY = "1,2";
				TEST_TARGET_NAME = PlaceHolderColorChange;
			};
			name = Debug;
		};
		5020DFC42A4D37BF00ED80B8 /* Release */ = {
			isa = XCBuildConfiguration;
			buildSettings = {
				ALWAYS_EMBED_SWIFT_STANDARD_LIBRARIES = YES;
				CODE_SIGN_STYLE = Automatic;
				CURRENT_PROJECT_VERSION = 1;
				GENERATE_INFOPLIST_FILE = YES;
				MARKETING_VERSION = 1.0;
				PRODUCT_BUNDLE_IDENTIFIER = com.kaushik.pvl.ltd.PlaceHolderColorChangeUITests;
				PRODUCT_NAME = "$(TARGET_NAME)";
				SWIFT_EMIT_LOC_STRINGS = NO;
				SWIFT_VERSION = 5.0;
				TARGETED_DEVICE_FAMILY = "1,2";
				TEST_TARGET_NAME = PlaceHolderColorChange;
			};
			name = Release;
		};
/* End XCBuildConfiguration section */

/* Begin XCConfigurationList section */
		5020DF8D2A4D37BD00ED80B8 /* Build configuration list for PBXProject "PlaceHolderColorChange" */ = {
			isa = XCConfigurationList;
			buildConfigurations = (
				5020DFBA2A4D37BF00ED80B8 /* Debug */,
				5020DFBB2A4D37BF00ED80B8 /* Release */,
			);
			defaultConfigurationIsVisible = 0;
			defaultConfigurationName = Release;
		};
		5020DFBC2A4D37BF00ED80B8 /* Build configuration list for PBXNativeTarget "PlaceHolderColorChange" */ = {
			isa = XCConfigurationList;
			buildConfigurations = (
				5020DFBD2A4D37BF00ED80B8 /* Debug */,
				5020DFBE2A4D37BF00ED80B8 /* Release */,
			);
			defaultConfigurationIsVisible = 0;
			defaultConfigurationName = Release;
		};
		5020DFBF2A4D37BF00ED80B8 /* Build configuration list for PBXNativeTarget "PlaceHolderColorChangeTests" */ = {
			isa = XCConfigurationList;
			buildConfigurations = (
				5020DFC02A4D37BF00ED80B8 /* Debug */,
				5020DFC12A4D37BF00ED80B8 /* Release */,
			);
			defaultConfigurationIsVisible = 0;
			defaultConfigurationName = Release;
		};
		5020DFC22A4D37BF00ED80B8 /* Build configuration list for PBXNativeTarget "PlaceHolderColorChangeUITests" */ = {
			isa = XCConfigurationList;
			buildConfigurations = (
				5020DFC32A4D37BF00ED80B8 /* Debug */,
				5020DFC42A4D37BF00ED80B8 /* Release */,
			);
			defaultConfigurationIsVisible = 0;
			defaultConfigurationName = Release;
		};
/* End XCConfigurationList section */
	};
	rootObject = 5020DF8A2A4D37BD00ED80B8 /* Project object */;
}
